<?xml version="1.0" encoding="utf-8"?>
<Project ToolsVersion="4.0" xmlns="http://schemas.microsoft.com/developer/msbuild/2003">
  <ItemGroup>
    <Filter Include="Source Files">
      <UniqueIdentifier>{4FC737F1-C7A5-4376-A066-2A32D752A2FF}</UniqueIdentifier>
      <Extensions>cpp;c;cc;cxx;def;odl;idl;hpj;bat;asm;asmx</Extensions>
    </Filter>
    <Filter Include="Header Files">
      <UniqueIdentifier>{93995380-89BD-4b04-88EB-625FBE52EBFB}</UniqueIdentifier>
      <Extensions>h;hh;hpp;hxx;hm;inl;inc;ipp;xsd</Extensions>
    </Filter>
    <Filter Include="Resource Files">
      <UniqueIdentifier>{67DA6AB6-F800-4c08-8B7A-83BB121AAD01}</UniqueIdentifier>
      <Extensions>rc;ico;cur;bmp;dlg;rc2;rct;bin;rgs;gif;jpg;jpeg;jpe;resx;tiff;tif;png;wav;mfcribbon-ms</Extensions>
    </Filter>
  </ItemGroup>
  <ItemGroup>
    <ClCompile Include="cLecturer.cpp">
      <Filter>Source Files</Filter>
    </ClCompile>
    <ClCompile Include="cStudent.cpp">
      <Filter>Source Files</Filter>
    </ClCompile>
    <ClCompile Include="cStudentCollection.cpp">
      <Filter>Source Files</Filter>
    </ClCompile>
    <ClCompile Include="cLecturerCollection.cpp">
      <Filter>Source Files</Filter>
    </ClCompile>
    <ClCompile Include="cMinistry.cpp">
      <Filter>Source Files</Filter>
    </ClCompile>
    <ClCompile Include="cIterator.cpp">
      <Filter>Source Files</Filter>
    </ClCompile>
    <ClCompile Include="cLecturerCollectionIterator.cpp">
      <Filter>Source Files</Filter>
    </ClCompile>
    <ClCompile Include="cStudentCollectionIterator.cpp">
      <Filter>Source Files</Filter>
    </ClCompile>
    <ClCompile Include="cUniversityPersonnel.cpp">
      <Filter>Source Files</Filter>
    </ClCompile>
  </ItemGroup>
  <ItemGroup>
    <ClInclude Include="cLecturer.h">
      <Filter>Header Files</Filter>
    </ClInclude>
    <ClInclude Include="cStudent.h">
      <Filter>Header Files</Filter>
    </ClInclude>
    <ClInclude Include="cStudentCollection.h">
      <Filter>Header Files</Filter>
    </ClInclude>
    <ClInclude Include="cLecturerCollection.h">
      <Filter>Header Files</Filter>
    </ClInclude>
    <ClInclude Include="cMinistry.h">
      <Filter>Header Files</Filter>
    </ClInclude>
    <ClInclude Include="cIterator.h">
      <Filter>Header Files</Filter>
    </ClInclude>
    <ClInclude Include="cLecturerCollectionIterator.h">
      <Filter>Header Files</Filter>
    </ClInclude>
    <ClInclude Include="cStudentCollectionIterator.h">
      <Filter>Header Files</Filter>
    </ClInclude>
    <ClInclude Include="cUniversityPersonnel.h">
      <Filter>Header Files</Filter>
    </ClInclude>
  </ItemGroup>
</Project>